// !$*UTF8*$!
{
	archiveVersion = 1;
	classes = {
	};
	objectVersion = 56;
	objects = {

/* Begin PBXBuildFile section */
		C3A449592CD937FA0066365E /* project5App.swift in Sources */ = {isa = PBXBuildFile; fileRef = C3A449582CD937FA0066365E /* project5App.swift */; };
		C3A4495B2CD937FA0066365E /* ContentView.swift in Sources */ = {isa = PBXBuildFile; fileRef = C3A4495A2CD937FA0066365E /* ContentView.swift */; };
		C3A4495D2CD937FC0066365E /* Assets.xcassets in Resources */ = {isa = PBXBuildFile; fileRef = C3A4495C2CD937FC0066365E /* Assets.xcassets */; };
		C3A449602CD937FC0066365E /* Preview Assets.xcassets in Resources */ = {isa = PBXBuildFile; fileRef = C3A4495F2CD937FC0066365E /* Preview Assets.xcassets */; };
		C3A449832CD9479C0066365E /* CharView.swift in Sources */ = {isa = PBXBuildFile; fileRef = C3A449822CD9479C0066365E /* CharView.swift */; };
/* End PBXBuildFile section */

/* Begin PBXContainerItemProxy section */
		C3A449662CD937FC0066365E /* PBXContainerItemProxy */ = {
			isa = PBXContainerItemProxy;
			containerPortal = C3A4494D2CD937FA0066365E /* Project object */;
			proxyType = 1;
			remoteGlobalIDString = C3A449542CD937FA0066365E;
			remoteInfo = project5;
		};
		C3A449702CD937FC0066365E /* PBXContainerItemProxy */ = {
			isa = PBXContainerItemProxy;
			containerPortal = C3A4494D2CD937FA0066365E /* Project object */;
			proxyType = 1;
			remoteGlobalIDString = C3A449542CD937FA0066365E;
			remoteInfo = project5;
		};
/* End PBXContainerItemProxy section */

/* Begin PBXFileReference section */
		C3A449552CD937FA0066365E /* project5.app */ = {isa = PBXFileReference; explicitFileType = wrapper.application; includeInIndex = 0; path = project5.app; sourceTree = BUILT_PRODUCTS_DIR; };
		C3A449582CD937FA0066365E /* project5App.swift */ = {isa = PBXFileReference; lastKnownFileType = sourcecode.swift; path = project5App.swift; sourceTree = "<group>"; };
		C3A4495A2CD937FA0066365E /* ContentView.swift */ = {isa = PBXFileReference; lastKnownFileType = sourcecode.swift; path = ContentView.swift; sourceTree = "<group>"; };
		C3A4495C2CD937FC0066365E /* Assets.xcassets */ = {isa = PBXFileReference; lastKnownFileType = folder.assetcatalog; path = Assets.xcassets; sourceTree = "<group>"; };
		C3A4495F2CD937FC0066365E /* Preview Assets.xcassets */ = {isa = PBXFileReference; lastKnownFileType = folder.assetcatalog; path = "Preview Assets.xcassets"; sourceTree = "<group>"; };
		C3A449652CD937FC0066365E /* project5Tests.xctest */ = {isa = PBXFileReference; explicitFileType = wrapper.cfbundle; includeInIndex = 0; path = project5Tests.xctest; sourceTree = BUILT_PRODUCTS_DIR; };
		C3A4496F2CD937FC0066365E /* project5UITests.xctest */ = {isa = PBXFileReference; explicitFileType = wrapper.cfbundle; includeInIndex = 0; path = project5UITests.xctest; sourceTree = BUILT_PRODUCTS_DIR; };
		C3A449822CD9479C0066365E /* CharView.swift */ = {isa = PBXFileReference; lastKnownFileType = sourcecode.swift; path = CharView.swift; sourceTree = "<group>"; };
/* End PBXFileReference section */

/* Begin PBXFrameworksBuildPhase section */
		C3A449522CD937FA0066365E /* Frameworks */ = {
			isa = PBXFrameworksBuildPhase;
			buildActionMask = 2147483647;
			files = (
			);
			runOnlyForDeploymentPostprocessing = 0;
		};
		C3A449622CD937FC0066365E /* Frameworks */ = {
			isa = PBXFrameworksBuildPhase;
			buildActionMask = 2147483647;
			files = (
			);
			runOnlyForDeploymentPostprocessing = 0;
		};
		C3A4496C2CD937FC0066365E /* Frameworks */ = {
			isa = PBXFrameworksBuildPhase;
			buildActionMask = 2147483647;
			files = (
			);
			runOnlyForDeploymentPostprocessing = 0;
		};
/* End PBXFrameworksBuildPhase section */

/* Begin PBXGroup section */
		C3A4494C2CD937FA0066365E = {
			isa = PBXGroup;
			children = (
				C3A449572CD937FA0066365E /* project5 */,
				C3A449562CD937FA0066365E /* Products */,
			);
			sourceTree = "<group>";
		};
		C3A449562CD937FA0066365E /* Products */ = {
			isa = PBXGroup;
			children = (
				C3A449552CD937FA0066365E /* project5.app */,
				C3A449652CD937FC0066365E /* project5Tests.xctest */,
				C3A4496F2CD937FC0066365E /* project5UITests.xctest */,
			);
			name = Products;
			sourceTree = "<group>";
		};
		C3A449572CD937FA0066365E /* project5 */ = {
			isa = PBXGroup;
			children = (
				C3A449582CD937FA0066365E /* project5App.swift */,
				C3A4495A2CD937FA0066365E /* ContentView.swift */,
				C3A449822CD9479C0066365E /* CharView.swift */,
				C3A4495C2CD937FC0066365E /* Assets.xcassets */,
				C3A4495E2CD937FC0066365E /* Preview Content */,
			);
			path = project5;
			sourceTree = "<group>";
		};
		C3A4495E2CD937FC0066365E /* Preview Content */ = {
			isa = PBXGroup;
			children = (
				C3A4495F2CD937FC0066365E /* Preview Assets.xcassets */,
			);
			path = "Preview Content";
			sourceTree = "<group>";
		};
/* End PBXGroup section */

/* Begin PBXNativeTarget section */
		C3A449542CD937FA0066365E /* project5 */ = {
			isa = PBXNativeTarget;
			buildConfigurationList = C3A449792CD937FC0066365E /* Build configuration list for PBXNativeTarget "project5" */;
			buildPhases = (
				C3A449512CD937FA0066365E /* Sources */,
				C3A449522CD937FA0066365E /* Frameworks */,
				C3A449532CD937FA0066365E /* Resources */,
			);
			buildRules = (
			);
			dependencies = (
			);
			name = project5;
			productName = project5;
			productReference = C3A449552CD937FA0066365E /* project5.app */;
			productType = "com.apple.product-type.application";
		};
		C3A449642CD937FC0066365E /* project5Tests */ = {
			isa = PBXNativeTarget;
			buildConfigurationList = C3A4497C2CD937FC0066365E /* Build configuration list for PBXNativeTarget "project5Tests" */;
			buildPhases = (
				C3A449612CD937FC0066365E /* Sources */,
				C3A449622CD937FC0066365E /* Frameworks */,
				C3A449632CD937FC0066365E /* Resources */,
			);
			buildRules = (
			);
			dependencies = (
				C3A449672CD937FC0066365E /* PBXTargetDependency */,
			);
			name = project5Tests;
			productName = project5Tests;
			productReference = C3A449652CD937FC0066365E /* project5Tests.xctest */;
			productType = "com.apple.product-type.bundle.unit-test";
		};
		C3A4496E2CD937FC0066365E /* project5UITests */ = {
			isa = PBXNativeTarget;
			buildConfigurationList = C3A4497F2CD937FC0066365E /* Build configuration list for PBXNativeTarget "project5UITests" */;
			buildPhases = (
				C3A4496B2CD937FC0066365E /* Sources */,
				C3A4496C2CD937FC0066365E /* Frameworks */,
				C3A4496D2CD937FC0066365E /* Resources */,
			);
			buildRules = (
			);
			dependencies = (
				C3A449712CD937FC0066365E /* PBXTargetDependency */,
			);
			name = project5UITests;
			productName = project5UITests;
			productReference = C3A4496F2CD937FC0066365E /* project5UITests.xctest */;
			productType = "com.apple.product-type.bundle.ui-testing";
		};
/* End PBXNativeTarget section */

/* Begin PBXProject section */
		C3A4494D2CD937FA0066365E /* Project object */ = {
			isa = PBXProject;
			attributes = {
				BuildIndependentTargetsInParallel = 1;
				LastSwiftUpdateCheck = 1540;
				LastUpgradeCheck = 1540;
				TargetAttributes = {
					C3A449542CD937FA0066365E = {
						CreatedOnToolsVersion = 15.4;
					};
					C3A449642CD937FC0066365E = {
						CreatedOnToolsVersion = 15.4;
						TestTargetID = C3A449542CD937FA0066365E;
					};
					C3A4496E2CD937FC0066365E = {
						CreatedOnToolsVersion = 15.4;
						TestTargetID = C3A449542CD937FA0066365E;
					};
				};
			};
			buildConfigurationList = C3A449502CD937FA0066365E /* Build configuration list for PBXProject "project5" */;
			compatibilityVersion = "Xcode 14.0";
			developmentRegion = en;
			hasScannedForEncodings = 0;
			knownRegions = (
				en,
				Base,
			);
			mainGroup = C3A4494C2CD937FA0066365E;
			productRefGroup = C3A449562CD937FA0066365E /* Products */;
			projectDirPath = "";
			projectRoot = "";
			targets = (
				C3A449542CD937FA0066365E /* project5 */,
				C3A449642CD937FC0066365E /* project5Tests */,
				C3A4496E2CD937FC0066365E /* project5UITests */,
			);
		};
/* End PBXProject section */

/* Begin PBXResourcesBuildPhase section */
		C3A449532CD937FA0066365E /* Resources */ = {
			isa = PBXResourcesBuildPhase;
			buildActionMask = 2147483647;
			files = (
				C3A449602CD937FC0066365E /* Preview Assets.xcassets in Resources */,
				C3A4495D2CD937FC0066365E /* Assets.xcassets in Resources */,
			);
			runOnlyForDeploymentPostprocessing = 0;
		};
		C3A449632CD937FC0066365E /* Resources */ = {
			isa = PBXResourcesBuildPhase;
			buildActionMask = 2147483647;
			files = (
			);
			runOnlyForDeploymentPostprocessing = 0;
		};
		C3A4496D2CD937FC0066365E /* Resources */ = {
			isa = PBXResourcesBuildPhase;
			buildActionMask = 2147483647;
			files = (
			);
			runOnlyForDeploymentPostprocessing = 0;
		};
/* End PBXResourcesBuildPhase section */

/* Begin PBXSourcesBuildPhase section */
		C3A449512CD937FA0066365E /* Sources */ = {
			isa = PBXSourcesBuildPhase;
			buildActionMask = 2147483647;
			files = (
				C3A4495B2CD937FA0066365E /* ContentView.swift in Sources */,
				C3A449832CD9479C0066365E /* CharView.swift in Sources */,
				C3A449592CD937FA0066365E /* project5App.swift in Sources */,
			);
			runOnlyForDeploymentPostprocessing = 0;
		};
		C3A449612CD937FC0066365E /* Sources */ = {
			isa = PBXSourcesBuildPhase;
			buildActionMask = 2147483647;
			files = (
			);
			runOnlyForDeploymentPostprocessing = 0;
		};
		C3A4496B2CD937FC0066365E /* Sources */ = {
			isa = PBXSourcesBuildPhase;
			buildActionMask = 2147483647;
			files = (
			);
			runOnlyForDeploymentPostprocessing = 0;
		};
/* End PBXSourcesBuildPhase section */

/* Begin PBXTargetDependency section */
		C3A449672CD937FC0066365E /* PBXTargetDependency */ = {
			isa = PBXTargetDependency;
			target = C3A449542CD937FA0066365E /* project5 */;
			targetProxy = C3A449662CD937FC0066365E /* PBXContainerItemProxy */;
		};
		C3A449712CD937FC0066365E /* PBXTargetDependency */ = {
			isa = PBXTargetDependency;
			target = C3A449542CD937FA0066365E /* project5 */;
			targetProxy = C3A449702CD937FC0066365E /* PBXContainerItemProxy */;
		};
/* End PBXTargetDependency section */

/* Begin XCBuildConfiguration section */
		C3A449772CD937FC0066365E /* Debug */ = {
			isa = XCBuildConfiguration;
			buildSettings = {
				ALWAYS_SEARCH_USER_PATHS = NO;
				ASSETCATALOG_COMPILER_GENERATE_SWIFT_ASSET_SYMBOL_EXTENSIONS = YES;
				CLANG_ANALYZER_NONNULL = YES;
				CLANG_ANALYZER_NUMBER_OBJECT_CONVERSION = YES_AGGRESSIVE;
				CLANG_CXX_LANGUAGE_STANDARD = "gnu++20";
				CLANG_ENABLE_MODULES = YES;
				CLANG_ENABLE_OBJC_ARC = YES;
				CLANG_ENABLE_OBJC_WEAK = YES;
				CLANG_WARN_BLOCK_CAPTURE_AUTORELEASING = YES;
				CLANG_WARN_BOOL_CONVERSION = YES;
				CLANG_WARN_COMMA = YES;
				CLANG_WARN_CONSTANT_CONVERSION = YES;
				CLANG_WARN_DEPRECATED_OBJC_IMPLEMENTATIONS = YES;
				CLANG_WARN_DIRECT_OBJC_ISA_USAGE = YES_ERROR;
				CLANG_WARN_DOCUMENTATION_COMMENTS = YES;
				CLANG_WARN_EMPTY_BODY = YES;
				CLANG_WARN_ENUM_CONVERSION = YES;
				CLANG_WARN_INFINITE_RECURSION = YES;
				CLANG_WARN_INT_CONVERSION = YES;
				CLANG_WARN_NON_LITERAL_NULL_CONVERSION = YES;
				CLANG_WARN_OBJC_IMPLICIT_RETAIN_SELF = YES;
				CLANG_WARN_OBJC_LITERAL_CONVERSION = YES;
				CLANG_WARN_OBJC_ROOT_CLASS = YES_ERROR;
				CLANG_WARN_QUOTED_INCLUDE_IN_FRAMEWORK_HEADER = YES;
				CLANG_WARN_RANGE_LOOP_ANALYSIS = YES;
				CLANG_WARN_STRICT_PROTOTYPES = YES;
				CLANG_WARN_SUSPICIOUS_MOVE = YES;
				CLANG_WARN_UNGUARDED_AVAILABILITY = YES_AGGRESSIVE;
				CLANG_WARN_UNREACHABLE_CODE = YES;
				CLANG_WARN__DUPLICATE_METHOD_MATCH = YES;
				COPY_PHASE_STRIP = NO;
				DEBUG_INFORMATION_FORMAT = dwarf;
				ENABLE_STRICT_OBJC_MSGSEND = YES;
				ENABLE_TESTABILITY = YES;
				ENABLE_USER_SCRIPT_SANDBOXING = YES;
				GCC_C_LANGUAGE_STANDARD = gnu17;
				GCC_DYNAMIC_NO_PIC = NO;
				GCC_NO_COMMON_BLOCKS = YES;
				GCC_OPTIMIZATION_LEVEL = 0;
				GCC_PREPROCESSOR_DEFINITIONS = (
					"DEBUG=1",
					"$(inherited)",
				);
				GCC_WARN_64_TO_32_BIT_CONVERSION = YES;
				GCC_WARN_ABOUT_RETURN_TYPE = YES_ERROR;
				GCC_WARN_UNDECLARED_SELECTOR = YES;
				GCC_WARN_UNINITIALIZED_AUTOS = YES_AGGRESSIVE;
				GCC_WARN_UNUSED_FUNCTION = YES;
				GCC_WARN_UNUSED_VARIABLE = YES;
				IPHONEOS_DEPLOYMENT_TARGET = 17.5;
				LOCALIZATION_PREFERS_STRING_CATALOGS = YES;
				MTL_ENABLE_DEBUG_INFO = INCLUDE_SOURCE;
				MTL_FAST_MATH = YES;
				ONLY_ACTIVE_ARCH = YES;
				SDKROOT = iphoneos;
				SWIFT_ACTIVE_COMPILATION_CONDITIONS = "DEBUG $(inherited)";
				SWIFT_OPTIMIZATION_LEVEL = "-Onone";
			};
			name = Debug;
		};
		C3A449782CD937FC0066365E /* Release */ = {
			isa = XCBuildConfiguration;
			buildSettings = {
				ALWAYS_SEARCH_USER_PATHS = NO;
				ASSETCATALOG_COMPILER_GENERATE_SWIFT_ASSET_SYMBOL_EXTENSIONS = YES;
				CLANG_ANALYZER_NONNULL = YES;
				CLANG_ANALYZER_NUMBER_OBJECT_CONVERSION = YES_AGGRESSIVE;
				CLANG_CXX_LANGUAGE_STANDARD = "gnu++20";
				CLANG_ENABLE_MODULES = YES;
				CLANG_ENABLE_OBJC_ARC = YES;
				CLANG_ENABLE_OBJC_WEAK = YES;
				CLANG_WARN_BLOCK_CAPTURE_AUTORELEASING = YES;
				CLANG_WARN_BOOL_CONVERSION = YES;
				CLANG_WARN_COMMA = YES;
				CLANG_WARN_CONSTANT_CONVERSION = YES;
				CLANG_WARN_DEPRECATED_OBJC_IMPLEMENTATIONS = YES;
				CLANG_WARN_DIRECT_OBJC_ISA_USAGE = YES_ERROR;
				CLANG_WARN_DOCUMENTATION_COMMENTS = YES;
				CLANG_WARN_EMPTY_BODY = YES;
				CLANG_WARN_ENUM_CONVERSION = YES;
				CLANG_WARN_INFINITE_RECURSION = YES;
				CLANG_WARN_INT_CONVERSION = YES;
				CLANG_WARN_NON_LITERAL_NULL_CONVERSION = YES;
				CLANG_WARN_OBJC_IMPLICIT_RETAIN_SELF = YES;
				CLANG_WARN_OBJC_LITERAL_CONVERSION = YES;
				CLANG_WARN_OBJC_ROOT_CLASS = YES_ERROR;
				CLANG_WARN_QUOTED_INCLUDE_IN_FRAMEWORK_HEADER = YES;
				CLANG_WARN_RANGE_LOOP_ANALYSIS = YES;
				CLANG_WARN_STRICT_PROTOTYPES = YES;
				CLANG_WARN_SUSPICIOUS_MOVE = YES;
				CLANG_WARN_UNGUARDED_AVAILABILITY = YES_AGGRESSIVE;
				CLANG_WARN_UNREACHABLE_CODE = YES;
				CLANG_WARN__DUPLICATE_METHOD_MATCH = YES;
				COPY_PHASE_STRIP = NO;
				DEBUG_INFORMATION_FORMAT = "dwarf-with-dsym";
				ENABLE_NS_ASSERTIONS = NO;
				ENABLE_STRICT_OBJC_MSGSEND = YES;
				ENABLE_USER_SCRIPT_SANDBOXING = YES;
				GCC_C_LANGUAGE_STANDARD = gnu17;
				GCC_NO_COMMON_BLOCKS = YES;
				GCC_WARN_64_TO_32_BIT_CONVERSION = YES;
				GCC_WARN_ABOUT_RETURN_TYPE = YES_ERROR;
				GCC_WARN_UNDECLARED_SELECTOR = YES;
				GCC_WARN_UNINITIALIZED_AUTOS = YES_AGGRESSIVE;
				GCC_WARN_UNUSED_FUNCTION = YES;
				GCC_WARN_UNUSED_VARIABLE = YES;
				IPHONEOS_DEPLOYMENT_TARGET = 17.5;
				LOCALIZATION_PREFERS_STRING_CATALOGS = YES;
				MTL_ENABLE_DEBUG_INFO = NO;
				MTL_FAST_MATH = YES;
				SDKROOT = iphoneos;
				SWIFT_COMPILATION_MODE = wholemodule;
				VALIDATE_PRODUCT = YES;
			};
			name = Release;
		};
		C3A4497A2CD937FC0066365E /* Debug */ = {
			isa = XCBuildConfiguration;
			buildSettings = {
				ASSETCATALOG_COMPILER_APPICON_NAME = AppIcon;
				ASSETCATALOG_COMPILER_GLOBAL_ACCENT_COLOR_NAME = AccentColor;
				CODE_SIGN_STYLE = Automatic;
				CURRENT_PROJECT_VERSION = 1;
				DEVELOPMENT_ASSET_PATHS = "\"project5/Preview Content\"";
				ENABLE_PREVIEWS = YES;
				GENERATE_INFOPLIST_FILE = YES;
				INFOPLIST_KEY_UIApplicationSceneManifest_Generation = YES;
				INFOPLIST_KEY_UIApplicationSupportsIndirectInputEvents = YES;
				INFOPLIST_KEY_UILaunchScreen_Generation = YES;
				INFOPLIST_KEY_UISupportedInterfaceOrientations_iPad = "UIInterfaceOrientationPortrait UIInterfaceOrientationPortraitUpsideDown UIInterfaceOrientationLandscapeLeft UIInterfaceOrientationLandscapeRight";
				INFOPLIST_KEY_UISupportedInterfaceOrientations_iPhone = "UIInterfaceOrientationPortrait UIInterfaceOrientationLandscapeLeft UIInterfaceOrientationLandscapeRight";
				LD_RUNPATH_SEARCH_PATHS = (
					"$(inherited)",
					"@executable_path/Frameworks",
				);
				MARKETING_VERSION = 1.0;
				PRODUCT_BUNDLE_IDENTIFIER = com.br.GabrielTavares.project5;
				PRODUCT_NAME = "$(TARGET_NAME)";
				SWIFT_EMIT_LOC_STRINGS = YES;
				SWIFT_VERSION = 5.0;
				TARGETED_DEVICE_FAMILY = "1,2";
			};
			name = Debug;
		};
		C3A4497B2CD937FC0066365E /* Release */ = {
			isa = XCBuildConfiguration;
			buildSettings = {
				ASSETCATALOG_COMPILER_APPICON_NAME = AppIcon;
				ASSETCATALOG_COMPILER_GLOBAL_ACCENT_COLOR_NAME = AccentColor;
				CODE_SIGN_STYLE = Automatic;
				CURRENT_PROJECT_VERSION = 1;
				DEVELOPMENT_ASSET_PATHS = "\"project5/Preview Content\"";
				ENABLE_PREVIEWS = YES;
				GENERATE_INFOPLIST_FILE = YES;
				INFOPLIST_KEY_UIApplicationSceneManifest_Generation = YES;
				INFOPLIST_KEY_UIApplicationSupportsIndirectInputEvents = YES;
				INFOPLIST_KEY_UILaunchScreen_Generation = YES;
				INFOPLIST_KEY_UISupportedInterfaceOrientations_iPad = "UIInterfaceOrientationPortrait UIInterfaceOrientationPortraitUpsideDown UIInterfaceOrientationLandscapeLeft UIInterfaceOrientationLandscapeRight";
				INFOPLIST_KEY_UISupportedInterfaceOrientations_iPhone = "UIInterfaceOrientationPortrait UIInterfaceOrientationLandscapeLeft UIInterfaceOrientationLandscapeRight";
				LD_RUNPATH_SEARCH_PATHS = (
					"$(inherited)",
					"@executable_path/Frameworks",
				);
				MARKETING_VERSION = 1.0;
				PRODUCT_BUNDLE_IDENTIFIER = com.br.GabrielTavares.project5;
				PRODUCT_NAME = "$(TARGET_NAME)";
				SWIFT_EMIT_LOC_STRINGS = YES;
				SWIFT_VERSION = 5.0;
				TARGETED_DEVICE_FAMILY = "1,2";
			};
			name = Release;
		};
		C3A4497D2CD937FC0066365E /* Debug */ = {
			isa = XCBuildConfiguration;
			buildSettings = {
				ALWAYS_EMBED_SWIFT_STANDARD_LIBRARIES = YES;
				BUNDLE_LOADER = "$(TEST_HOST)";
				CODE_SIGN_STYLE = Automatic;
				CURRENT_PROJECT_VERSION = 1;
				GENERATE_INFOPLIST_FILE = YES;
				IPHONEOS_DEPLOYMENT_TARGET = 17.5;
				MARKETING_VERSION = 1.0;
				PRODUCT_BUNDLE_IDENTIFIER = com.br.GabrielTavares.project5Tests;
				PRODUCT_NAME = "$(TARGET_NAME)";
				SWIFT_EMIT_LOC_STRINGS = NO;
				SWIFT_VERSION = 5.0;
				TARGETED_DEVICE_FAMILY = "1,2";
				TEST_HOST = "$(BUILT_PRODUCTS_DIR)/project5.app/$(BUNDLE_EXECUTABLE_FOLDER_PATH)/project5";
			};
			name = Debug;
		};
		C3A4497E2CD937FC0066365E /* Release */ = {
			isa = XCBuildConfiguration;
			buildSettings = {
				ALWAYS_EMBED_SWIFT_STANDARD_LIBRARIES = YES;
				BUNDLE_LOADER = "$(TEST_HOST)";
				CODE_SIGN_STYLE = Automatic;
				CURRENT_PROJECT_VERSION = 1;
				GENERATE_INFOPLIST_FILE = YES;
				IPHONEOS_DEPLOYMENT_TARGET = 17.5;
				MARKETING_VERSION = 1.0;
				PRODUCT_BUNDLE_IDENTIFIER = com.br.GabrielTavares.project5Tests;
				PRODUCT_NAME = "$(TARGET_NAME)";
				SWIFT_EMIT_LOC_STRINGS = NO;
				SWIFT_VERSION = 5.0;
				TARGETED_DEVICE_FAMILY = "1,2";
				TEST_HOST = "$(BUILT_PRODUCTS_DIR)/project5.app/$(BUNDLE_EXECUTABLE_FOLDER_PATH)/project5";
			};
			name = Release;
		};
		C3A449802CD937FC0066365E /* Debug */ = {
			isa = XCBuildConfiguration;
			buildSettings = {
				ALWAYS_EMBED_SWIFT_STANDARD_LIBRARIES = YES;
				CODE_SIGN_STYLE = Automatic;
				CURRENT_PROJECT_VERSION = 1;
				GENERATE_INFOPLIST_FILE = YES;
				MARKETING_VERSION = 1.0;
				PRODUCT_BUNDLE_IDENTIFIER = com.br.GabrielTavares.project5UITests;
				PRODUCT_NAME = "$(TARGET_NAME)";
				SWIFT_EMIT_LOC_STRINGS = NO;
				SWIFT_VERSION = 5.0;
				TARGETED_DEVICE_FAMILY = "1,2";
				TEST_TARGET_NAME = project5;
			};
			name = Debug;
		};
		C3A449812CD937FC0066365E /* Release */ = {
			isa = XCBuildConfiguration;
			buildSettings = {
				ALWAYS_EMBED_SWIFT_STANDARD_LIBRARIES = YES;
				CODE_SIGN_STYLE = Automatic;
				CURRENT_PROJECT_VERSION = 1;
				GENERATE_INFOPLIST_FILE = YES;
				MARKETING_VERSION = 1.0;
				PRODUCT_BUNDLE_IDENTIFIER = com.br.GabrielTavares.project5UITests;
				PRODUCT_NAME = "$(TARGET_NAME)";
				SWIFT_EMIT_LOC_STRINGS = NO;
				SWIFT_VERSION = 5.0;
				TARGETED_DEVICE_FAMILY = "1,2";
				TEST_TARGET_NAME = project5;
			};
			name = Release;
		};
/* End XCBuildConfiguration section */

/* Begin XCConfigurationList section */
		C3A449502CD937FA0066365E /* Build configuration list for PBXProject "project5" */ = {
			isa = XCConfigurationList;
			buildConfigurations = (
				C3A449772CD937FC0066365E /* Debug */,
				C3A449782CD937FC0066365E /* Release */,
			);
			defaultConfigurationIsVisible = 0;
			defaultConfigurationName = Release;
		};
		C3A449792CD937FC0066365E /* Build configuration list for PBXNativeTarget "project5" */ = {
			isa = XCConfigurationList;
			buildConfigurations = (
				C3A4497A2CD937FC0066365E /* Debug */,
				C3A4497B2CD937FC0066365E /* Release */,
			);
			defaultConfigurationIsVisible = 0;
			defaultConfigurationName = Release;
		};
		C3A4497C2CD937FC0066365E /* Build configuration list for PBXNativeTarget "project5Tests" */ = {
			isa = XCConfigurationList;
			buildConfigurations = (
				C3A4497D2CD937FC0066365E /* Debug */,
				C3A4497E2CD937FC0066365E /* Release */,
			);
			defaultConfigurationIsVisible = 0;
			defaultConfigurationName = Release;
		};
		C3A4497F2CD937FC0066365E /* Build configuration list for PBXNativeTarget "project5UITests" */ = {
			isa = XCConfigurationList;
			buildConfigurations = (
				C3A449802CD937FC0066365E /* Debug */,
				C3A449812CD937FC0066365E /* Release */,
			);
			defaultConfigurationIsVisible = 0;
			defaultConfigurationName = Release;
		};
/* End XCConfigurationList section */
	};
	rootObject = C3A4494D2CD937FA0066365E /* Project object */;
}
